// !$*UTF8*$!
{
	archiveVersion = 1;
	classes = {
	};
	objectVersion = 77;
	objects = {

/* Begin PBXContainerItemProxy section */
		AE75AF6B2D70732B007C91F0 /* PBXContainerItemProxy */ = {
			isa = PBXContainerItemProxy;
			containerPortal = AE75AF522D70732A007C91F0 /* Project object */;
			proxyType = 1;
			remoteGlobalIDString = AE75AF592D70732A007C91F0;
			remoteInfo = Cyanea;
		};
		AE75AF752D70732B007C91F0 /* PBXContainerItemProxy */ = {
			isa = PBXContainerItemProxy;
			containerPortal = AE75AF522D70732A007C91F0 /* Project object */;
			proxyType = 1;
			remoteGlobalIDString = AE75AF592D70732A007C91F0;
			remoteInfo = Cyanea;
		};
/* End PBXContainerItemProxy section */

/* Begin PBXFileReference section */
		AE75AF5A2D70732A007C91F0 /* Cyanea.app */ = {isa = PBXFileReference; explicitFileType = wrapper.application; includeInIndex = 0; path = Cyanea.app; sourceTree = BUILT_PRODUCTS_DIR; };
		AE75AF6A2D70732B007C91F0 /* CyaneaTests.xctest */ = {isa = PBXFileReference; explicitFileType = wrapper.cfbundle; includeInIndex = 0; path = CyaneaTests.xctest; sourceTree = BUILT_PRODUCTS_DIR; };
		AE75AF742D70732B007C91F0 /* CyaneaUITests.xctest */ = {isa = PBXFileReference; explicitFileType = wrapper.cfbundle; includeInIndex = 0; path = CyaneaUITests.xctest; sourceTree = BUILT_PRODUCTS_DIR; };
/* End PBXFileReference section */

/* Begin PBXFileSystemSynchronizedBuildFileExceptionSet section */
		AE75AF8C2D7078A9007C91F0 /* Exceptions for "Cyanea" folder in "Cyanea" target */ = {
			isa = PBXFileSystemSynchronizedBuildFileExceptionSet;
			membershipExceptions = (
				Info.plist,
			);
			target = AE75AF592D70732A007C91F0 /* Cyanea */;
		};
/* End PBXFileSystemSynchronizedBuildFileExceptionSet section */

/* Begin PBXFileSystemSynchronizedRootGroup section */
		AE75AF5C2D70732A007C91F0 /* Cyanea */ = {
			isa = PBXFileSystemSynchronizedRootGroup;
			exceptions = (
				AE75AF8C2D7078A9007C91F0 /* Exceptions for "Cyanea" folder in "Cyanea" target */,
			);
			path = Cyanea;
			sourceTree = "<group>";
		};
		AE75AF6D2D70732B007C91F0 /* CyaneaTests */ = {
			isa = PBXFileSystemSynchronizedRootGroup;
			path = CyaneaTests;
			sourceTree = "<group>";
		};
		AE75AF772D70732B007C91F0 /* CyaneaUITests */ = {
			isa = PBXFileSystemSynchronizedRootGroup;
			path = CyaneaUITests;
			sourceTree = "<group>";
		};
/* End PBXFileSystemSynchronizedRootGroup section */

/* Begin PBXFrameworksBuildPhase section */
		AE75AF572D70732A007C91F0 /* Frameworks */ = {
			isa = PBXFrameworksBuildPhase;
			buildActionMask = 2147483647;
			files = (
			);
			runOnlyForDeploymentPostprocessing = 0;
		};
		AE75AF672D70732B007C91F0 /* Frameworks */ = {
			isa = PBXFrameworksBuildPhase;
			buildActionMask = 2147483647;
			files = (
			);
			runOnlyForDeploymentPostprocessing = 0;
		};
		AE75AF712D70732B007C91F0 /* Frameworks */ = {
			isa = PBXFrameworksBuildPhase;
			buildActionMask = 2147483647;
			files = (
			);
			runOnlyForDeploymentPostprocessing = 0;
		};
/* End PBXFrameworksBuildPhase section */

/* Begin PBXGroup section */
		AE75AF512D70732A007C91F0 = {
			isa = PBXGroup;
			children = (
				AE75AF5C2D70732A007C91F0 /* Cyanea */,
				AE75AF6D2D70732B007C91F0 /* CyaneaTests */,
				AE75AF772D70732B007C91F0 /* CyaneaUITests */,
				AE75AF5B2D70732A007C91F0 /* Products */,
			);
			sourceTree = "<group>";
		};
		AE75AF5B2D70732A007C91F0 /* Products */ = {
			isa = PBXGroup;
			children = (
				AE75AF5A2D70732A007C91F0 /* Cyanea.app */,
				AE75AF6A2D70732B007C91F0 /* CyaneaTests.xctest */,
				AE75AF742D70732B007C91F0 /* CyaneaUITests.xctest */,
			);
			name = Products;
			sourceTree = "<group>";
		};
/* End PBXGroup section */

/* Begin PBXNativeTarget section */
		AE75AF592D70732A007C91F0 /* Cyanea */ = {
			isa = PBXNativeTarget;
			buildConfigurationList = AE75AF7E2D70732B007C91F0 /* Build configuration list for PBXNativeTarget "Cyanea" */;
			buildPhases = (
				AE75AF562D70732A007C91F0 /* Sources */,
				AE75AF572D70732A007C91F0 /* Frameworks */,
				AE75AF582D70732A007C91F0 /* Resources */,
			);
			buildRules = (
			);
			dependencies = (
			);
			fileSystemSynchronizedGroups = (
				AE75AF5C2D70732A007C91F0 /* Cyanea */,
			);
			name = Cyanea;
			packageProductDependencies = (
			);
			productName = Cyanea;
			productReference = AE75AF5A2D70732A007C91F0 /* Cyanea.app */;
			productType = "com.apple.product-type.application";
		};
		AE75AF692D70732B007C91F0 /* CyaneaTests */ = {
			isa = PBXNativeTarget;
			buildConfigurationList = AE75AF812D70732B007C91F0 /* Build configuration list for PBXNativeTarget "CyaneaTests" */;
			buildPhases = (
				AE75AF662D70732B007C91F0 /* Sources */,
				AE75AF672D70732B007C91F0 /* Frameworks */,
				AE75AF682D70732B007C91F0 /* Resources */,
			);
			buildRules = (
			);
			dependencies = (
				AE75AF6C2D70732B007C91F0 /* PBXTargetDependency */,
			);
			fileSystemSynchronizedGroups = (
				AE75AF6D2D70732B007C91F0 /* CyaneaTests */,
			);
			name = CyaneaTests;
			packageProductDependencies = (
			);
			productName = CyaneaTests;
			productReference = AE75AF6A2D70732B007C91F0 /* CyaneaTests.xctest */;
			productType = "com.apple.product-type.bundle.unit-test";
		};
		AE75AF732D70732B007C91F0 /* CyaneaUITests */ = {
			isa = PBXNativeTarget;
			buildConfigurationList = AE75AF842D70732B007C91F0 /* Build configuration list for PBXNativeTarget "CyaneaUITests" */;
			buildPhases = (
				AE75AF702D70732B007C91F0 /* Sources */,
				AE75AF712D70732B007C91F0 /* Frameworks */,
				AE75AF722D70732B007C91F0 /* Resources */,
			);
			buildRules = (
			);
			dependencies = (
				AE75AF762D70732B007C91F0 /* PBXTargetDependency */,
			);
			fileSystemSynchronizedGroups = (
				AE75AF772D70732B007C91F0 /* CyaneaUITests */,
			);
			name = CyaneaUITests;
			packageProductDependencies = (
			);
			productName = CyaneaUITests;
			productReference = AE75AF742D70732B007C91F0 /* CyaneaUITests.xctest */;
			productType = "com.apple.product-type.bundle.ui-testing";
		};
/* End PBXNativeTarget section */

/* Begin PBXProject section */
		AE75AF522D70732A007C91F0 /* Project object */ = {
			isa = PBXProject;
			attributes = {
				BuildIndependentTargetsInParallel = 1;
				LastSwiftUpdateCheck = 1620;
				LastUpgradeCheck = 1620;
				TargetAttributes = {
					AE75AF592D70732A007C91F0 = {
						CreatedOnToolsVersion = 16.2;
					};
					AE75AF692D70732B007C91F0 = {
						CreatedOnToolsVersion = 16.2;
						TestTargetID = AE75AF592D70732A007C91F0;
					};
					AE75AF732D70732B007C91F0 = {
						CreatedOnToolsVersion = 16.2;
						TestTargetID = AE75AF592D70732A007C91F0;
					};
				};
			};
			buildConfigurationList = AE75AF552D70732A007C91F0 /* Build configuration list for PBXProject "Cyanea" */;
			developmentRegion = en;
			hasScannedForEncodings = 0;
			knownRegions = (
				en,
				Base,
			);
			mainGroup = AE75AF512D70732A007C91F0;
			minimizedProjectReferenceProxies = 1;
			preferredProjectObjectVersion = 77;
			productRefGroup = AE75AF5B2D70732A007C91F0 /* Products */;
			projectDirPath = "";
			projectRoot = "";
			targets = (
				AE75AF592D70732A007C91F0 /* Cyanea */,
				AE75AF692D70732B007C91F0 /* CyaneaTests */,
				AE75AF732D70732B007C91F0 /* CyaneaUITests */,
			);
		};
/* End PBXProject section */

/* Begin PBXResourcesBuildPhase section */
		AE75AF582D70732A007C91F0 /* Resources */ = {
			isa = PBXResourcesBuildPhase;
			buildActionMask = 2147483647;
			files = (
			);
			runOnlyForDeploymentPostprocessing = 0;
		};
		AE75AF682D70732B007C91F0 /* Resources */ = {
			isa = PBXResourcesBuildPhase;
			buildActionMask = 2147483647;
			files = (
			);
			runOnlyForDeploymentPostprocessing = 0;
		};
		AE75AF722D70732B007C91F0 /* Resources */ = {
			isa = PBXResourcesBuildPhase;
			buildActionMask = 2147483647;
			files = (
			);
			runOnlyForDeploymentPostprocessing = 0;
		};
/* End PBXResourcesBuildPhase section */

/* Begin PBXSourcesBuildPhase section */
		AE75AF562D70732A007C91F0 /* Sources */ = {
			isa = PBXSourcesBuildPhase;
			buildActionMask = 2147483647;
			files = (
			);
			runOnlyForDeploymentPostprocessing = 0;
		};
		AE75AF662D70732B007C91F0 /* Sources */ = {
			isa = PBXSourcesBuildPhase;
			buildActionMask = 2147483647;
			files = (
			);
			runOnlyForDeploymentPostprocessing = 0;
		};
		AE75AF702D70732B007C91F0 /* Sources */ = {
			isa = PBXSourcesBuildPhase;
			buildActionMask = 2147483647;
			files = (
			);
			runOnlyForDeploymentPostprocessing = 0;
		};
/* End PBXSourcesBuildPhase section */

/* Begin PBXTargetDependency section */
		AE75AF6C2D70732B007C91F0 /* PBXTargetDependency */ = {
			isa = PBXTargetDependency;
			target = AE75AF592D70732A007C91F0 /* Cyanea */;
			targetProxy = AE75AF6B2D70732B007C91F0 /* PBXContainerItemProxy */;
		};
		AE75AF762D70732B007C91F0 /* PBXTargetDependency */ = {
			isa = PBXTargetDependency;
			target = AE75AF592D70732A007C91F0 /* Cyanea */;
			targetProxy = AE75AF752D70732B007C91F0 /* PBXContainerItemProxy */;
		};
/* End PBXTargetDependency section */

/* Begin XCBuildConfiguration section */
		AE75AF7C2D70732B007C91F0 /* Debug */ = {
			isa = XCBuildConfiguration;
			buildSettings = {
				ALWAYS_SEARCH_USER_PATHS = NO;
				ASSETCATALOG_COMPILER_GENERATE_SWIFT_ASSET_SYMBOL_EXTENSIONS = YES;
				CLANG_ANALYZER_NONNULL = YES;
				CLANG_ANALYZER_NUMBER_OBJECT_CONVERSION = YES_AGGRESSIVE;
				CLANG_CXX_LANGUAGE_STANDARD = "gnu++20";
				CLANG_ENABLE_MODULES = YES;
				CLANG_ENABLE_OBJC_ARC = YES;
				CLANG_ENABLE_OBJC_WEAK = YES;
				CLANG_WARN_BLOCK_CAPTURE_AUTORELEASING = YES;
				CLANG_WARN_BOOL_CONVERSION = YES;
				CLANG_WARN_COMMA = YES;
				CLANG_WARN_CONSTANT_CONVERSION = YES;
				CLANG_WARN_DEPRECATED_OBJC_IMPLEMENTATIONS = YES;
				CLANG_WARN_DIRECT_OBJC_ISA_USAGE = YES_ERROR;
				CLANG_WARN_DOCUMENTATION_COMMENTS = YES;
				CLANG_WARN_EMPTY_BODY = YES;
				CLANG_WARN_ENUM_CONVERSION = YES;
				CLANG_WARN_INFINITE_RECURSION = YES;
				CLANG_WARN_INT_CONVERSION = YES;
				CLANG_WARN_NON_LITERAL_NULL_CONVERSION = YES;
				CLANG_WARN_OBJC_IMPLICIT_RETAIN_SELF = YES;
				CLANG_WARN_OBJC_LITERAL_CONVERSION = YES;
				CLANG_WARN_OBJC_ROOT_CLASS = YES_ERROR;
				CLANG_WARN_QUOTED_INCLUDE_IN_FRAMEWORK_HEADER = YES;
				CLANG_WARN_RANGE_LOOP_ANALYSIS = YES;
				CLANG_WARN_STRICT_PROTOTYPES = YES;
				CLANG_WARN_SUSPICIOUS_MOVE = YES;
				CLANG_WARN_UNGUARDED_AVAILABILITY = YES_AGGRESSIVE;
				CLANG_WARN_UNREACHABLE_CODE = YES;
				CLANG_WARN__DUPLICATE_METHOD_MATCH = YES;
				COPY_PHASE_STRIP = NO;
				DEBUG_INFORMATION_FORMAT = dwarf;
				ENABLE_STRICT_OBJC_MSGSEND = YES;
				ENABLE_TESTABILITY = YES;
				ENABLE_USER_SCRIPT_SANDBOXING = YES;
				GCC_C_LANGUAGE_STANDARD = gnu17;
				GCC_DYNAMIC_NO_PIC = NO;
				GCC_NO_COMMON_BLOCKS = YES;
				GCC_OPTIMIZATION_LEVEL = 0;
				GCC_PREPROCESSOR_DEFINITIONS = (
					"DEBUG=1",
					"$(inherited)",
				);
				GCC_WARN_64_TO_32_BIT_CONVERSION = YES;
				GCC_WARN_ABOUT_RETURN_TYPE = YES_ERROR;
				GCC_WARN_UNDECLARED_SELECTOR = YES;
				GCC_WARN_UNINITIALIZED_AUTOS = YES_AGGRESSIVE;
				GCC_WARN_UNUSED_FUNCTION = YES;
				GCC_WARN_UNUSED_VARIABLE = YES;
				IPHONEOS_DEPLOYMENT_TARGET = 18.2;
				LOCALIZATION_PREFERS_STRING_CATALOGS = YES;
				MTL_ENABLE_DEBUG_INFO = INCLUDE_SOURCE;
				MTL_FAST_MATH = YES;
				ONLY_ACTIVE_ARCH = YES;
				SDKROOT = iphoneos;
				SWIFT_ACTIVE_COMPILATION_CONDITIONS = "DEBUG $(inherited)";
				SWIFT_OPTIMIZATION_LEVEL = "-Onone";
			};
			name = Debug;
		};
		AE75AF7D2D70732B007C91F0 /* Release */ = {
			isa = XCBuildConfiguration;
			buildSettings = {
				ALWAYS_SEARCH_USER_PATHS = NO;
				ASSETCATALOG_COMPILER_GENERATE_SWIFT_ASSET_SYMBOL_EXTENSIONS = YES;
				CLANG_ANALYZER_NONNULL = YES;
				CLANG_ANALYZER_NUMBER_OBJECT_CONVERSION = YES_AGGRESSIVE;
				CLANG_CXX_LANGUAGE_STANDARD = "gnu++20";
				CLANG_ENABLE_MODULES = YES;
				CLANG_ENABLE_OBJC_ARC = YES;
				CLANG_ENABLE_OBJC_WEAK = YES;
				CLANG_WARN_BLOCK_CAPTURE_AUTORELEASING = YES;
				CLANG_WARN_BOOL_CONVERSION = YES;
				CLANG_WARN_COMMA = YES;
				CLANG_WARN_CONSTANT_CONVERSION = YES;
				CLANG_WARN_DEPRECATED_OBJC_IMPLEMENTATIONS = YES;
				CLANG_WARN_DIRECT_OBJC_ISA_USAGE = YES_ERROR;
				CLANG_WARN_DOCUMENTATION_COMMENTS = YES;
				CLANG_WARN_EMPTY_BODY = YES;
				CLANG_WARN_ENUM_CONVERSION = YES;
				CLANG_WARN_INFINITE_RECURSION = YES;
				CLANG_WARN_INT_CONVERSION = YES;
				CLANG_WARN_NON_LITERAL_NULL_CONVERSION = YES;
				CLANG_WARN_OBJC_IMPLICIT_RETAIN_SELF = YES;
				CLANG_WARN_OBJC_LITERAL_CONVERSION = YES;
				CLANG_WARN_OBJC_ROOT_CLASS = YES_ERROR;
				CLANG_WARN_QUOTED_INCLUDE_IN_FRAMEWORK_HEADER = YES;
				CLANG_WARN_RANGE_LOOP_ANALYSIS = YES;
				CLANG_WARN_STRICT_PROTOTYPES = YES;
				CLANG_WARN_SUSPICIOUS_MOVE = YES;
				CLANG_WARN_UNGUARDED_AVAILABILITY = YES_AGGRESSIVE;
				CLANG_WARN_UNREACHABLE_CODE = YES;
				CLANG_WARN__DUPLICATE_METHOD_MATCH = YES;
				COPY_PHASE_STRIP = NO;
				DEBUG_INFORMATION_FORMAT = "dwarf-with-dsym";
				ENABLE_NS_ASSERTIONS = NO;
				ENABLE_STRICT_OBJC_MSGSEND = YES;
				ENABLE_USER_SCRIPT_SANDBOXING = YES;
				GCC_C_LANGUAGE_STANDARD = gnu17;
				GCC_NO_COMMON_BLOCKS = YES;
				GCC_WARN_64_TO_32_BIT_CONVERSION = YES;
				GCC_WARN_ABOUT_RETURN_TYPE = YES_ERROR;
				GCC_WARN_UNDECLARED_SELECTOR = YES;
				GCC_WARN_UNINITIALIZED_AUTOS = YES_AGGRESSIVE;
				GCC_WARN_UNUSED_FUNCTION = YES;
				GCC_WARN_UNUSED_VARIABLE = YES;
				IPHONEOS_DEPLOYMENT_TARGET = 18.2;
				LOCALIZATION_PREFERS_STRING_CATALOGS = YES;
				MTL_ENABLE_DEBUG_INFO = NO;
				MTL_FAST_MATH = YES;
				SDKROOT = iphoneos;
				SWIFT_COMPILATION_MODE = wholemodule;
				VALIDATE_PRODUCT = YES;
			};
			name = Release;
		};
		AE75AF7F2D70732B007C91F0 /* Debug */ = {
			isa = XCBuildConfiguration;
			buildSettings = {
				ASSETCATALOG_COMPILER_APPICON_NAME = AppIcon;
				ASSETCATALOG_COMPILER_GLOBAL_ACCENT_COLOR_NAME = AccentColor;
				CODE_SIGN_STYLE = Automatic;
				CURRENT_PROJECT_VERSION = 1;
				DEVELOPMENT_ASSET_PATHS = "\"Cyanea/Preview Content\"";
				DEVELOPMENT_TEAM = 4PWUBYN7SD;
				ENABLE_PREVIEWS = YES;
				GENERATE_INFOPLIST_FILE = YES;
				INFOPLIST_FILE = Cyanea/Info.plist;
				INFOPLIST_KEY_CFBundleDisplayName = "Cyanea Developer";
				INFOPLIST_KEY_LSApplicationCategoryType = "public.app-category.developer-tools";
				INFOPLIST_KEY_LSSupportsOpeningDocumentsInPlace = YES;
				INFOPLIST_KEY_NSMotionUsageDescription = "需要访问设备运动数据以记录手势信息";
				INFOPLIST_KEY_UIApplicationSceneManifest_Generation = YES;
				INFOPLIST_KEY_UIApplicationSupportsIndirectInputEvents = YES;
				INFOPLIST_KEY_UILaunchScreen_Generation = YES;
				INFOPLIST_KEY_UISupportedInterfaceOrientations_iPad = "UIInterfaceOrientationPortrait UIInterfaceOrientationPortraitUpsideDown UIInterfaceOrientationLandscapeLeft UIInterfaceOrientationLandscapeRight";
				INFOPLIST_KEY_UISupportedInterfaceOrientations_iPhone = "UIInterfaceOrientationPortrait UIInterfaceOrientationLandscapeLeft UIInterfaceOrientationLandscapeRight";
				LD_RUNPATH_SEARCH_PATHS = (
					"$(inherited)",
					"@executable_path/Frameworks",
				);
				MARKETING_VERSION = 1.0;
				PRODUCT_BUNDLE_IDENTIFIER = design.chengxin.CyaneaApp;
				PRODUCT_NAME = "$(TARGET_NAME)";
				SWIFT_EMIT_LOC_STRINGS = YES;
				SWIFT_VERSION = 5.0;
				TARGETED_DEVICE_FAMILY = "1,2";
			};
			name = Debug;
		};
		AE75AF802D70732B007C91F0 /* Release */ = {
			isa = XCBuildConfiguration;
			buildSettings = {
				ASSETCATALOG_COMPILER_APPICON_NAME = AppIcon;
				ASSETCATALOG_COMPILER_GLOBAL_ACCENT_COLOR_NAME = AccentColor;
				CODE_SIGN_STYLE = Automatic;
				CURRENT_PROJECT_VERSION = 1;
				DEVELOPMENT_ASSET_PATHS = "\"Cyanea/Preview Content\"";
				DEVELOPMENT_TEAM = 4PWUBYN7SD;
				ENABLE_PREVIEWS = YES;
				GENERATE_INFOPLIST_FILE = YES;
				INFOPLIST_FILE = Cyanea/Info.plist;
				INFOPLIST_KEY_CFBundleDisplayName = "Cyanea Developer";
				INFOPLIST_KEY_LSApplicationCategoryType = "public.app-category.developer-tools";
				INFOPLIST_KEY_LSSupportsOpeningDocumentsInPlace = YES;
				INFOPLIST_KEY_NSMotionUsageDescription = "需要访问设备运动数据以记录手势信息";
				INFOPLIST_KEY_UIApplicationSceneManifest_Generation = YES;
				INFOPLIST_KEY_UIApplicationSupportsIndirectInputEvents = YES;
				INFOPLIST_KEY_UILaunchScreen_Generation = YES;
				INFOPLIST_KEY_UISupportedInterfaceOrientations_iPad = "UIInterfaceOrientationPortrait UIInterfaceOrientationPortraitUpsideDown UIInterfaceOrientationLandscapeLeft UIInterfaceOrientationLandscapeRight";
				INFOPLIST_KEY_UISupportedInterfaceOrientations_iPhone = "UIInterfaceOrientationPortrait UIInterfaceOrientationLandscapeLeft UIInterfaceOrientationLandscapeRight";
				LD_RUNPATH_SEARCH_PATHS = (
					"$(inherited)",
					"@executable_path/Frameworks",
				);
				MARKETING_VERSION = 1.0;
				PRODUCT_BUNDLE_IDENTIFIER = design.chengxin.CyaneaApp;
				PRODUCT_NAME = "$(TARGET_NAME)";
				SWIFT_EMIT_LOC_STRINGS = YES;
				SWIFT_VERSION = 5.0;
				TARGETED_DEVICE_FAMILY = "1,2";
			};
			name = Release;
		};
		AE75AF822D70732B007C91F0 /* Debug */ = {
			isa = XCBuildConfiguration;
			buildSettings = {
				BUNDLE_LOADER = "$(TEST_HOST)";
				CODE_SIGN_STYLE = Automatic;
				CURRENT_PROJECT_VERSION = 1;
				DEVELOPMENT_TEAM = 4PWUBYN7SD;
				GENERATE_INFOPLIST_FILE = YES;
				IPHONEOS_DEPLOYMENT_TARGET = 18.2;
				MARKETING_VERSION = 1.0;
				PRODUCT_BUNDLE_IDENTIFIER = design.chengxin.CyaneaTests;
				PRODUCT_NAME = "$(TARGET_NAME)";
				SWIFT_EMIT_LOC_STRINGS = NO;
				SWIFT_VERSION = 5.0;
				TARGETED_DEVICE_FAMILY = "1,2";
				TEST_HOST = "$(BUILT_PRODUCTS_DIR)/Cyanea.app/$(BUNDLE_EXECUTABLE_FOLDER_PATH)/Cyanea";
			};
			name = Debug;
		};
		AE75AF832D70732B007C91F0 /* Release */ = {
			isa = XCBuildConfiguration;
			buildSettings = {
				BUNDLE_LOADER = "$(TEST_HOST)";
				CODE_SIGN_STYLE = Automatic;
				CURRENT_PROJECT_VERSION = 1;
				DEVELOPMENT_TEAM = 4PWUBYN7SD;
				GENERATE_INFOPLIST_FILE = YES;
				IPHONEOS_DEPLOYMENT_TARGET = 18.2;
				MARKETING_VERSION = 1.0;
				PRODUCT_BUNDLE_IDENTIFIER = design.chengxin.CyaneaTests;
				PRODUCT_NAME = "$(TARGET_NAME)";
				SWIFT_EMIT_LOC_STRINGS = NO;
				SWIFT_VERSION = 5.0;
				TARGETED_DEVICE_FAMILY = "1,2";
				TEST_HOST = "$(BUILT_PRODUCTS_DIR)/Cyanea.app/$(BUNDLE_EXECUTABLE_FOLDER_PATH)/Cyanea";
			};
			name = Release;
		};
		AE75AF852D70732B007C91F0 /* Debug */ = {
			isa = XCBuildConfiguration;
			buildSettings = {
				CODE_SIGN_STYLE = Automatic;
				CURRENT_PROJECT_VERSION = 1;
				DEVELOPMENT_TEAM = 4PWUBYN7SD;
				GENERATE_INFOPLIST_FILE = YES;
				MARKETING_VERSION = 1.0;
				PRODUCT_BUNDLE_IDENTIFIER = design.chengxin.CyaneaUITests;
				PRODUCT_NAME = "$(TARGET_NAME)";
				SWIFT_EMIT_LOC_STRINGS = NO;
				SWIFT_VERSION = 5.0;
				TARGETED_DEVICE_FAMILY = "1,2";
				TEST_TARGET_NAME = Cyanea;
			};
			name = Debug;
		};
		AE75AF862D70732B007C91F0 /* Release */ = {
			isa = XCBuildConfiguration;
			buildSettings = {
				CODE_SIGN_STYLE = Automatic;
				CURRENT_PROJECT_VERSION = 1;
				DEVELOPMENT_TEAM = 4PWUBYN7SD;
				GENERATE_INFOPLIST_FILE = YES;
				MARKETING_VERSION = 1.0;
				PRODUCT_BUNDLE_IDENTIFIER = design.chengxin.CyaneaUITests;
				PRODUCT_NAME = "$(TARGET_NAME)";
				SWIFT_EMIT_LOC_STRINGS = NO;
				SWIFT_VERSION = 5.0;
				TARGETED_DEVICE_FAMILY = "1,2";
				TEST_TARGET_NAME = Cyanea;
			};
			name = Release;
		};
/* End XCBuildConfiguration section */

/* Begin XCConfigurationList section */
		AE75AF552D70732A007C91F0 /* Build configuration list for PBXProject "Cyanea" */ = {
			isa = XCConfigurationList;
			buildConfigurations = (
				AE75AF7C2D70732B007C91F0 /* Debug */,
				AE75AF7D2D70732B007C91F0 /* Release */,
			);
			defaultConfigurationIsVisible = 0;
			defaultConfigurationName = Release;
		};
		AE75AF7E2D70732B007C91F0 /* Build configuration list for PBXNativeTarget "Cyanea" */ = {
			isa = XCConfigurationList;
			buildConfigurations = (
				AE75AF7F2D70732B007C91F0 /* Debug */,
				AE75AF802D70732B007C91F0 /* Release */,
			);
			defaultConfigurationIsVisible = 0;
			defaultConfigurationName = Release;
		};
		AE75AF812D70732B007C91F0 /* Build configuration list for PBXNativeTarget "CyaneaTests" */ = {
			isa = XCConfigurationList;
			buildConfigurations = (
				AE75AF822D70732B007C91F0 /* Debug */,
				AE75AF832D70732B007C91F0 /* Release */,
			);
			defaultConfigurationIsVisible = 0;
			defaultConfigurationName = Release;
		};
		AE75AF842D70732B007C91F0 /* Build configuration list for PBXNativeTarget "CyaneaUITests" */ = {
			isa = XCConfigurationList;
			buildConfigurations = (
				AE75AF852D70732B007C91F0 /* Debug */,
				AE75AF862D70732B007C91F0 /* Release */,
			);
			defaultConfigurationIsVisible = 0;
			defaultConfigurationName = Release;
		};
/* End XCConfigurationList section */
	};
	rootObject = AE75AF522D70732A007C91F0 /* Project object */;
}
